
Microsoft Visual Studio Solution File, Format Version 12.00
# Visual Studio 15
VisualStudioVersion = 15.0.28307.271
MinimumVisualStudioVersion = 10.0.40219.1
Project("{FAE04EC0-301F-11D3-BF4B-00C04F79EFBC}") = "TuplesAndPatterns", "TuplesAndPatterns\TuplesAndPatterns.csproj", "{289021F4-5132-4EE9-BCE2-CA9A836E51ED}"
EndProject
Global
	GlobalSection(SolutionConfigurationPlatforms) = preSolution
		Debug|Any CPU = Debug|Any CPU
		Release|Any CPU = Release|Any CPU
	EndGlobalSection
	GlobalSection(ProjectConfigurationPlatforms) = postSolution
		{289021F4-5132-4EE9-BCE2-CA9A836E51ED}.Debug|Any CPU.ActiveCfg = Debug|Any CPU
		{289021F4-5132-4EE9-BCE2-CA9A836E51ED}.Debug|Any CPU.Build.0 = Debug|Any CPU
		{289021F4-5132-4EE9-BCE2-CA9A836E51ED}.Release|Any CPU.ActiveCfg = Release|Any CPU
		{289021F4-5132-4EE9-BCE2-CA9A836E51ED}.Release|Any CPU.Build.0 = Release|Any CPU
	EndGlobalSection
	GlobalSection(SolutionProperties) = preSolution
		HideSolutionNode = FALSE
	EndGlobalSection
	GlobalSection(ExtensibilityGlobals) = postSolution
		SolutionGuid = {332DD56E-5CDB-4CFE-B5F1-F8C09BF52523}
	EndGlobalSection
EndGlobal
