
Microsoft Visual Studio Solution File, Format Version 12.00
# Visual Studio 15
Project("{FAE04EC0-301F-11D3-BF4B-00C04F79EFBC}") = "Benchmark", "Benchmark\Benchmark.csproj", "{F4CBDBBD-6D6F-4088-AB93-7EF03AC6BEE4}"
EndProject
Global
	GlobalSection(SolutionConfigurationPlatforms) = preSolution
		Debug|Any CPU = Debug|Any CPU
		Release|Any CPU = Release|Any CPU
	EndGlobalSection
	GlobalSection(ProjectConfigurationPlatforms) = postSolution
		{F4CBDBBD-6D6F-4088-AB93-7EF03AC6BEE4}.Debug|Any CPU.ActiveCfg = Debug|Any CPU
		{F4CBDBBD-6D6F-4088-AB93-7EF03AC6BEE4}.Debug|Any CPU.Build.0 = Debug|Any CPU
		{F4CBDBBD-6D6F-4088-AB93-7EF03AC6BEE4}.Release|Any CPU.ActiveCfg = Release|Any CPU
		{F4CBDBBD-6D6F-4088-AB93-7EF03AC6BEE4}.Release|Any CPU.Build.0 = Release|Any CPU
	EndGlobalSection
EndGlobal
