
Microsoft Visual Studio Solution File, Format Version 12.00
# Visual Studio 15
VisualStudioVersion = 15.0.28307.271
MinimumVisualStudioVersion = 10.0.40219.1
Project("{FAE04EC0-301F-11D3-BF4B-00C04F79EFBC}") = "AsyncBreakfast", "AsyncBreakfast\AsyncBreakfast.csproj", "{C5F6853B-063C-44EF-A73E-AE195649C74C}"
EndProject
Global
	GlobalSection(SolutionConfigurationPlatforms) = preSolution
		Debug|Any CPU = Debug|Any CPU
		Release|Any CPU = Release|Any CPU
	EndGlobalSection
	GlobalSection(ProjectConfigurationPlatforms) = postSolution
		{C5F6853B-063C-44EF-A73E-AE195649C74C}.Debug|Any CPU.ActiveCfg = Debug|Any CPU
		{C5F6853B-063C-44EF-A73E-AE195649C74C}.Debug|Any CPU.Build.0 = Debug|Any CPU
		{C5F6853B-063C-44EF-A73E-AE195649C74C}.Release|Any CPU.ActiveCfg = Release|Any CPU
		{C5F6853B-063C-44EF-A73E-AE195649C74C}.Release|Any CPU.Build.0 = Release|Any CPU
	EndGlobalSection
	GlobalSection(SolutionProperties) = preSolution
		HideSolutionNode = FALSE
	EndGlobalSection
	GlobalSection(ExtensibilityGlobals) = postSolution
		SolutionGuid = {AFFDFE7B-425E-43AB-94BF-1E1C9D5A19C8}
	EndGlobalSection
EndGlobal
